
Microsoft Visual Studio Solution File, Format Version 12.00
# Visual Studio Version 17
VisualStudioVersion = 17.8.34511.84
MinimumVisualStudioVersion = 10.0.40219.1
Project("{FAE04EC0-301F-11D3-BF4B-00C04F79EFBC}") = "ATCSDL", "ATCSDL\ATCSDL.csproj", "{138C7E5A-46E1-4EF2-A301-C5D31B3DFDD1}"
EndProject
Global
	GlobalSection(SolutionConfigurationPlatforms) = preSolution
		Debug|Any CPU = Debug|Any CPU
		Release|Any CPU = Release|Any CPU
	EndGlobalSection
	GlobalSection(ProjectConfigurationPlatforms) = postSolution
		{138C7E5A-46E1-4EF2-A301-C5D31B3DFDD1}.Debug|Any CPU.ActiveCfg = Debug|Any CPU
		{138C7E5A-46E1-4EF2-A301-C5D31B3DFDD1}.Debug|Any CPU.Build.0 = Debug|Any CPU
		{138C7E5A-46E1-4EF2-A301-C5D31B3DFDD1}.Release|Any CPU.ActiveCfg = Release|Any CPU
		{138C7E5A-46E1-4EF2-A301-C5D31B3DFDD1}.Release|Any CPU.Build.0 = Release|Any CPU
	EndGlobalSection
	GlobalSection(SolutionProperties) = preSolution
		HideSolutionNode = FALSE
	EndGlobalSection
	GlobalSection(ExtensibilityGlobals) = postSolution
		SolutionGuid = {C1892AB3-2476-4F1B-93A2-A2D619B17531}
	EndGlobalSection
EndGlobal
